
Microsoft Visual Studio Solution File, Format Version 12.00
# Visual Studio Version 17
VisualStudioVersion = 17.3.32929.385
MinimumVisualStudioVersion = 10.0.40219.1
Project("{FAE04EC0-301F-11D3-BF4B-00C04F79EFBC}") = "HanaRequestDnd", "HanaRequestDnd.csproj", "{08A122D8-5B67-45D5-8DAC-2E2EF71B783A}"
EndProject
Global
	GlobalSection(SolutionConfigurationPlatforms) = preSolution
		Debug|Any CPU = Debug|Any CPU
		Release|Any CPU = Release|Any CPU
	EndGlobalSection
	GlobalSection(ProjectConfigurationPlatforms) = postSolution
		{08A122D8-5B67-45D5-8DAC-2E2EF71B783A}.Debug|Any CPU.ActiveCfg = Debug|Any CPU
		{08A122D8-5B67-45D5-8DAC-2E2EF71B783A}.Debug|Any CPU.Build.0 = Debug|Any CPU
		{08A122D8-5B67-45D5-8DAC-2E2EF71B783A}.Release|Any CPU.ActiveCfg = Release|Any CPU
		{08A122D8-5B67-45D5-8DAC-2E2EF71B783A}.Release|Any CPU.Build.0 = Release|Any CPU
	EndGlobalSection
	GlobalSection(SolutionProperties) = preSolution
		HideSolutionNode = FALSE
	EndGlobalSection
	GlobalSection(ExtensibilityGlobals) = postSolution
		SolutionGuid = {A61F87D9-2B7E-448A-AF01-5EE645E07A3D}
	EndGlobalSection
EndGlobal
